
Microsoft Visual Studio Solution File, Format Version 12.00
# Visual Studio 15
Project("{FAE04EC0-301F-11D3-BF4B-00C04F79EFBC}") = "ZombieBattleUnity", "ZombieBattleUnity.csproj", "{F36E4139-8280-57C7-9BD4-B2AAC31B87D1}"
EndProject
Global
	GlobalSection(SolutionConfigurationPlatforms) = preSolution
		Debug|Any CPU = Debug|Any CPU
		Release|Any CPU = Release|Any CPU
	EndGlobalSection
	GlobalSection(ProjectConfigurationPlatforms) = postSolution
		{F36E4139-8280-57C7-9BD4-B2AAC31B87D1}.Debug|Any CPU.ActiveCfg = Debug|Any CPU
		{F36E4139-8280-57C7-9BD4-B2AAC31B87D1}.Debug|Any CPU.Build.0 = Debug|Any CPU
		{F36E4139-8280-57C7-9BD4-B2AAC31B87D1}.Release|Any CPU.ActiveCfg = Release|Any CPU
		{F36E4139-8280-57C7-9BD4-B2AAC31B87D1}.Release|Any CPU.Build.0 = Release|Any CPU
	EndGlobalSection
	GlobalSection(SolutionProperties) = preSolution
		HideSolutionNode = FALSE
	EndGlobalSection
EndGlobal
